# THIS IS AN AUTOGENERATED FILE. DO NOT EDIT THIS FILE DIRECTLY.
# yarn lockfile v1


"@babel/helper-module-imports@^7.0.0":
  version "7.0.0"
  resolved "https://registry.yarnpkg.com/@babel/helper-module-imports/-/helper-module-imports-7.0.0.tgz#96081b7111e486da4d2cd971ad1a4fe216cc2e3d"
  integrity sha512-aP/hlLq01DWNEiDg4Jn23i+CXxW/owM4WpDLFUbpjxe4NS3BhLVZQ5i7E0ZrxuQ/vwekIeciyamgB1UIYxxM6A==
  dependencies:
    "@babel/types" "^7.0.0"

"@babel/types@^7.0.0":
  version "7.1.3"
  resolved "https://registry.yarnpkg.com/@babel/types/-/types-7.1.3.tgz#3a767004567060c2f40fca49a304712c525ee37d"
  integrity sha512-RpPOVfK+yatXyn8n4PB1NW6k9qjinrXrRR8ugBN8fD6hCy5RXI6PSbVqpOJBO9oSaY7Nom4ohj35feb0UR9hSA==
  dependencies:
    esutils "^2.0.2"
    lodash "^4.17.10"
    to-fast-properties "^2.0.0"

"@emotion/cache@^10.0.0-beta.5":
  version "10.0.0-beta.5"
  resolved "https://registry.yarnpkg.com/@emotion/cache/-/cache-10.0.0-beta.5.tgz#7be0745d6f40f957d3ba9dfbbf1d85aa48243f3e"
  integrity sha512-q9k6/D/2LxpGieCvKyJ8izEc7Zxxctoy9MRuu3cSp1gMHg9Og71OzJ9ETg2sqpJt9B9DKhReda7+j7msrj7BxQ==
  dependencies:
    "@emotion/sheet" "^0.9.0"
    "@emotion/stylis" "^0.8.0"
    "@emotion/utils" "^0.9.0"

"@emotion/core@^10.0.0-beta.5":
  version "10.0.0-beta.5"
  resolved "https://registry.yarnpkg.com/@emotion/core/-/core-10.0.0-beta.5.tgz#11a49b02316a96a026a2a2bb3f41bbdf711cd009"
  integrity sha512-MCPDvFktx5gbiyQpf/sMyV/s+mzPxDmKxnltxjJO1i0p1Fa5gUGlyWn12028JBJhRP1m7dC34SbLAUmkfR/52g==
  dependencies:
    "@emotion/cache" "^10.0.0-beta.5"
    "@emotion/css" "^10.0.0-beta.5"
    "@emotion/serialize" "^0.10.0"
    "@emotion/sheet" "^0.9.0"
    "@emotion/utils" "^0.9.0"

"@emotion/css@^10.0.0-beta.5":
  version "10.0.0-beta.5"
  resolved "https://registry.yarnpkg.com/@emotion/css/-/css-10.0.0-beta.5.tgz#1fc41dd2fb76999c20c3eb3fd85a4f5de799bc18"
  integrity sha512-9WUN4UzH/Ufbe6muS0lTMVkUiFExMoUcu7v/hb/hU0NqaLVk5J5eZFYsQDNueFDA2pVtf+Lk0otcHuftGaHv1g==
  dependencies:
    "@emotion/serialize" "^0.10.0"
    "@emotion/utils" "^0.9.0"
    babel-plugin-emotion "^10.0.0-beta.5"

"@emotion/css@^10.0.0-really-unsafe-please-do-not-use.2":
  version "10.0.0-really-unsafe-please-do-not-use.2"
  resolved "https://registry.yarnpkg.com/@emotion/css/-/css-10.0.0-really-unsafe-please-do-not-use.2.tgz#d70987b374578093b0b90dfb473b299c66ece3ff"
  integrity sha512-RjmiGbXGwKAGzlL+dw6h7EXKla2q6LEiS5NtBmfesynGgLoE0GK4kHUpj4Dy+M1a3e2s7tI07Fp8thvywwMh0w==
  dependencies:
    "@emotion/serialize" "^10.0.0-really-unsafe-please-do-not-use.2"
    "@emotion/utils" "^10.0.0-really-unsafe-please-do-not-use.2"
    babel-plugin-emotion "^10.0.0-really-unsafe-please-do-not-use.2"

"@emotion/hash@^0.7.0":
  version "0.7.0"
  resolved "https://registry.yarnpkg.com/@emotion/hash/-/hash-0.7.0.tgz#68d9cb2e75fabffbe5cae6c17a91dc287439a0a6"
  integrity sha512-QgeU1fPmGTrb07IkuIl0+PcrnIz8UbkosC8tG3OEiTsqH1GPorqKZQzY2wA2dF8xX/I4XV0FQ1UaOwd18sIHIw==

"@emotion/hash@^10.0.0-really-unsafe-please-do-not-use.2":
  version "10.0.0-really-unsafe-please-do-not-use.2"
  resolved "https://registry.yarnpkg.com/@emotion/hash/-/hash-10.0.0-really-unsafe-please-do-not-use.2.tgz#f6229d19de147d08d226e21f2d8ef180ef4af1f5"
  integrity sha512-VaPXypgD2gjFUzrQ3xZTCeWINL/zme6s8sAMy917IeR2OpfQzwEmXFhRErFSY/5jHBGNU/a3UZ2g8gvcl/0fWA==

"@emotion/is-prop-valid@^0.7.0":
  version "0.7.0"
  resolved "https://registry.yarnpkg.com/@emotion/is-prop-valid/-/is-prop-valid-0.7.0.tgz#ea730c5e75846faae1e4946253bd1ee87ae0e39e"
  integrity sha512-0LQ5AOdEvL0xfXT4dNV2gTkadhjh/DnfW8whFePeSYooRi0T1frkFjQ/VlIgeNNz4D/TW/YlJQ/CXuV4HxZrTQ==
  dependencies:
    "@emotion/memoize" "^0.7.0"

"@emotion/memoize@^0.7.0":
  version "0.7.0"
  resolved "https://registry.yarnpkg.com/@emotion/memoize/-/memoize-0.7.0.tgz#b4363577017f94a7ab9417f030516c7dad9995d7"
  integrity sha512-oRzLa0T0ZvZhlpRwNeBq4U5SyFtb8e5kPkoMWtrTMmFoWu8A6xMGQjN2zaka4dA+d9771xGUVQ4uTLJeCurNaQ==

"@emotion/memoize@^10.0.0-really-unsafe-please-do-not-use.2":
  version "10.0.0-really-unsafe-please-do-not-use.2"
  resolved "https://registry.yarnpkg.com/@emotion/memoize/-/memoize-10.0.0-really-unsafe-please-do-not-use.2.tgz#fe196c8e45eb3d172e164422ecbdfe46ba06fe30"
  integrity sha512-TWRojQzjvts6BMGGjh5YNp/0x+hTyQ8Yh6tsomeDeZ7AVFWTd6lX2nT0ajBS/IGY6ncbit/GQbeZB/FJ8rye6w==

"@emotion/serialize@^0.10.0":
  version "0.10.0"
  resolved "https://registry.yarnpkg.com/@emotion/serialize/-/serialize-0.10.0.tgz#29229cdfb6c13fc1b5fc325ab15ef79bef0375dc"
  integrity sha512-Zpi5/PwQ797/P98xgMZaQbXB8Mkg7d1ZkojbrWeJBmGK3wHeezV550QhgUAMuSZJqzSvR38fw08TZRfklzGrMg==
  dependencies:
    "@emotion/hash" "^0.7.0"
    "@emotion/memoize" "^0.7.0"
    "@emotion/unitless" "^0.7.0"
    "@emotion/utils" "^0.9.0"

"@emotion/serialize@^10.0.0-really-unsafe-please-do-not-use.2":
  version "10.0.0-really-unsafe-please-do-not-use.2"
  resolved "https://registry.yarnpkg.com/@emotion/serialize/-/serialize-10.0.0-really-unsafe-please-do-not-use.2.tgz#1b0822b1a6c23901a60b11bc7142f8c9f8e280d8"
  integrity sha512-O7qjcU3IpJOiI3u/RxJiV+Dbb3ksOdTxlsdqxi0X0zhKIkP8tkF7J0nvzOWWGMOUf3rsSBGeVSw4VrXeY9ujrg==
  dependencies:
    "@emotion/hash" "^10.0.0-really-unsafe-please-do-not-use.2"
    "@emotion/memoize" "^10.0.0-really-unsafe-please-do-not-use.2"
    "@emotion/unitless" "^10.0.0-really-unsafe-please-do-not-use.2"
    "@emotion/utils" "^10.0.0-really-unsafe-please-do-not-use.2"

"@emotion/sheet@^0.9.0":
  version "0.9.0"
  resolved "https://registry.yarnpkg.com/@emotion/sheet/-/sheet-0.9.0.tgz#5fbfb5fff92c69d3a7cdaec5f24edd1264639d68"
  integrity sha512-NYCDV24ixFHVcm18ERQERLLJh2szJCoMkHxwxA8ro0ZcXkBrr7OQ74aWoOlPPLqu3BMKsJzybcwbrsxlukyziQ==

"@emotion/styled-base@^10.0.0-beta.5":
  version "10.0.0-beta.5"
  resolved "https://registry.yarnpkg.com/@emotion/styled-base/-/styled-base-10.0.0-beta.5.tgz#64f0c580839ba5bbc1668ea5ea6161abeb83c1b4"
  integrity sha512-f0r7u1ME5a3tbRn6nzuBZAevXCYp5SwqG048o7z+DMiDPjrSR8qiIrxhPJhGkn7XXZ51sT9BrLxnxQM6XeFgyQ==
  dependencies:
    "@emotion/is-prop-valid" "^0.7.0"
    "@emotion/serialize" "^0.10.0"
    "@emotion/utils" "^0.9.0"

"@emotion/styled@^10.0.0-beta.5":
  version "10.0.0-beta.5"
  resolved "https://registry.yarnpkg.com/@emotion/styled/-/styled-10.0.0-beta.5.tgz#42fbdb528ccb7593b3bad1c85ea1ec366c603749"
  integrity sha512-wEgXM/M01ztJMK3bgfkTLt4fFuQTspSYqJ5EKnwGx/q93fuMeOdVILVQ8tbpIMyvY4ILJtRHFC6fuB+30bYktw==
  dependencies:
    "@emotion/styled-base" "^10.0.0-beta.5"
    babel-plugin-emotion "^10.0.0-beta.5"

"@emotion/stylis@^0.8.0":
  version "0.8.0"
  resolved "https://registry.yarnpkg.com/@emotion/stylis/-/stylis-0.8.0.tgz#7f7e6c039274c481482a5169d718405bf0bf2207"
  integrity sha512-zDf8swgEFyHlBucaQffZvu3P9b6l8pYnnuRBsgAXiq2nRMU+svPSJ+T+dIEc6d0SuFpvJ4t6+wTRwLJ8aXX3XQ==

"@emotion/stylis@^10.0.0-really-unsafe-please-do-not-use.2":
  version "10.0.0-really-unsafe-please-do-not-use.2"
  resolved "https://registry.yarnpkg.com/@emotion/stylis/-/stylis-10.0.0-really-unsafe-please-do-not-use.2.tgz#9f016b9139159a4b2f9cec8d29bf1dbba6b6cca4"
  integrity sha512-FIN9JEbLCzAaL+06BCmQN7dROTAeTkGIwWWQOfY/6Z6Z1TKmjpuf0t7bMKgdNCqRcqJccpyi/vLxbJ/649IaOA==

"@emotion/unitless@^0.7.0":
  version "0.7.0"
  resolved "https://registry.yarnpkg.com/@emotion/unitless/-/unitless-0.7.0.tgz#0a61bd5f1eaca67ded84260c3f26df71e27e3665"
  integrity sha512-Ghw4BghFSGKj7vUYzijMdfHXNYQQBk1HISfZG2K+hIfjQhVq9AqstBhCUCDRjosslmYS8k9MqlyvFNXwPi2Csw==

"@emotion/unitless@^10.0.0-really-unsafe-please-do-not-use.2":
  version "10.0.0-really-unsafe-please-do-not-use.2"
  resolved "https://registry.yarnpkg.com/@emotion/unitless/-/unitless-10.0.0-really-unsafe-please-do-not-use.2.tgz#62d6c9ef58ca8be107becb7dda28311a937f0d33"
  integrity sha512-CF6j0lhVTrxeXg4WHy5bGe4S3un/awPriK1dhypRB/V2U1PuffBpvZztHw+m4SFOeV171enfDRtCNpo2ST1Q4w==

"@emotion/utils@^0.9.0":
  version "0.9.0"
  resolved "https://registry.yarnpkg.com/@emotion/utils/-/utils-0.9.0.tgz#828a15c384790f15b294bcf6ddcae0153ed32e84"
  integrity sha512-giwuCjLmHMPBSlxtE3ym40+4Zk0tZpsKGZM7+e8oA7brCLDDGWsemVT3tzfdRRDHGuPChMChYISrmZJfgJ9kdg==

"@emotion/utils@^10.0.0-really-unsafe-please-do-not-use.2":
  version "10.0.0-really-unsafe-please-do-not-use.2"
  resolved "https://registry.yarnpkg.com/@emotion/utils/-/utils-10.0.0-really-unsafe-please-do-not-use.2.tgz#ddf5b65bb7c1215d39ebbebfc5f484a8e41e6d9b"
  integrity sha512-0xqeh1Q1QsT67wMxWrxhpFmJjtTM8MC6d1q+4EC81wJL/8UHoD+798XvsPcn769X/dLh3Z7wv+NsfZvwJP1WZA==

"@types/clean-css@*":
  version "3.4.30"
  resolved "https://registry.yarnpkg.com/@types/clean-css/-/clean-css-3.4.30.tgz#0052c136f5248002428e3638b37de4a39818641d"
  integrity sha1-AFLBNvUkgAJCjjY4s33ko5gYZB0=

"@types/fs-extra@^4.0.5":
  version "4.0.8"
  resolved "https://registry.yarnpkg.com/@types/fs-extra/-/fs-extra-4.0.8.tgz#6957ddaf9173195199cb96da3db44c74700463d2"
  integrity sha512-Z5nu9Pbxj9yNeXIK3UwGlRdJth4cZ5sCq05nI7FaI6B0oz28nxkOtp6Lsz0ZnmLHJGvOJfB/VHxSTbVq/i6ujA==
  dependencies:
    "@types/node" "*"

"@types/html-minifier@^1.1.30":
  version "1.1.33"
  resolved "https://registry.yarnpkg.com/@types/html-minifier/-/html-minifier-1.1.33.tgz#9973dbd28ecb364a648d7f146a9c6dcdd033b2d6"
  integrity sha512-937FDZ662o592F9DDH0BGgts2AHe7piPEYPf8NacndX2toi6CKT1IzLqNX90fZ3Eopd3bcGPJYT1dDE8YvlY9w==
  dependencies:
    "@types/clean-css" "*"
    "@types/relateurl" "*"
    "@types/uglify-js" "^2"

"@types/markdown-it@^0.0.4":
  version "0.0.4"
  resolved "https://registry.yarnpkg.com/@types/markdown-it/-/markdown-it-0.0.4.tgz#c5f67365916044b342dae8d702724788ba0b5b74"
  integrity sha512-FWR7QB7EqBRq1s9BMk0ccOSOuRLfVEWYpHQYpFPaXtCoqN6dJx2ttdsdQbUxLLnAlKpYeVjveGGhQ3583TTa7g==

"@types/node@*":
  version "10.12.0"
  resolved "https://registry.yarnpkg.com/@types/node/-/node-10.12.0.tgz#ea6dcbddbc5b584c83f06c60e82736d8fbb0c235"
  integrity sha512-3TUHC3jsBAB7qVRGxT6lWyYo2v96BMmD2PTcl47H25Lu7UXtFH/2qqmKiVrnel6Ne//0TFYf6uvNX+HW2FRkLQ==

"@types/node@^8.0.53":
  version "8.10.36"
  resolved "https://registry.yarnpkg.com/@types/node/-/node-8.10.36.tgz#eac05d576fbcd0b4ea3c912dc58c20475c08d9e4"
  integrity sha512-SL6KhfM7PTqiFmbCW3eVNwVBZ+88Mrzbuvn9olPsfv43mbiWaFY+nRcz/TGGku0/lc2FepdMbImdMY1JrQ+zbw==

"@types/prismjs@^1.6.5":
  version "1.9.0"
  resolved "https://registry.yarnpkg.com/@types/prismjs/-/prismjs-1.9.0.tgz#38af9491e2f105079a443703ee675fb27371ec94"
  integrity sha512-zeh+xd2pcCvWm1XtWLR4v5pzZMybKeq6X8Q4cIZMMx8GmyKDUfJaOtw+JaONHUQt5ncKFXezl8QGIDQsSF5YfA==

"@types/prop-types@*":
  version "15.5.6"
  resolved "https://registry.yarnpkg.com/@types/prop-types/-/prop-types-15.5.6.tgz#9c03d3fed70a8d517c191b7734da2879b50ca26c"
  integrity sha512-ZBFR7TROLVzCkswA3Fmqq+IIJt62/T7aY/Dmz+QkU7CaW2QFqAitCE8Ups7IzmGhcN1YWMBT4Qcoc07jU9hOJQ==

"@types/react-dom@^16.0.9":
  version "16.0.9"
  resolved "https://registry.yarnpkg.com/@types/react-dom/-/react-dom-16.0.9.tgz#73ceb7abe6703822eab6600e65c5c52efd07fb91"
  integrity sha512-4Z0bW+75zeQgsEg7RaNuS1k9MKhci7oQqZXxrV5KUGIyXZHHAAL3KA4rjhdH8o6foZ5xsRMSqkoM5A3yRVPR5w==
  dependencies:
    "@types/node" "*"
    "@types/react" "*"

"@types/react-helmet@^5.0.3":
  version "5.0.7"
  resolved "https://registry.yarnpkg.com/@types/react-helmet/-/react-helmet-5.0.7.tgz#1cae65b2c37fe54cf56f40cd388836d4619dbc51"
  integrity sha512-FbDibfkcGsD/N+3k47bfLcr5uAzSi64LJ2OOILz/P5vtBwT5A92KZAU5H9/7OjhUN6au5k+BbNplhVfp6IXDcQ==
  dependencies:
    "@types/react" "*"

"@types/react@*", "@types/react@^16.4.18":
  version "16.4.18"
  resolved "https://registry.yarnpkg.com/@types/react/-/react-16.4.18.tgz#2e28a2e7f92d3fa7d6a65f2b73275c3e3138a13d"
  integrity sha512-eFzJKEg6pdeaukVLVZ8Xb79CTl/ysX+ExmOfAAqcFlCCK5TgFDD9kWR0S18sglQ3EmM8U+80enjUqbfnUyqpdA==
  dependencies:
    "@types/prop-types" "*"
    csstype "^2.2.0"

"@types/relateurl@*":
  version "0.2.28"
  resolved "https://registry.yarnpkg.com/@types/relateurl/-/relateurl-0.2.28.tgz#6bda7db8653fa62643f5ee69e9f69c11a392e3a6"
  integrity sha1-a9p9uGU/piZD9e5p6facEaOS46Y=

"@types/uglify-js@^2":
  version "2.6.32"
  resolved "https://registry.yarnpkg.com/@types/uglify-js/-/uglify-js-2.6.32.tgz#1b60906946fcf6ee4ceafa812d2b86f1358da904"
  integrity sha512-pVD2cG2wsKPvtpcxVZiSvK8eV9CpxXdlvhbAN//1eD3rOodqQLaEZ1qMNPl/+J93HrECsNLItRx5DkZuSW3j3A==
  dependencies:
    source-map "^0.6.1"

argparse@^1.0.7:
  version "1.0.10"
  resolved "https://registry.yarnpkg.com/argparse/-/argparse-1.0.10.tgz#bcd6791ea5ae09725e17e5ad988134cd40b3d911"
  integrity sha512-o5Roy6tNG4SL/FOkCAN6RzjiakZS25RLYFrcMttJqbdd8BWrnA+fGz57iN5Pb06pvBGvl5gQ0B48dJlslXvoTg==
  dependencies:
    sprintf-js "~1.0.2"

arrify@^1.0.0:
  version "1.0.1"
  resolved "https://registry.yarnpkg.com/arrify/-/arrify-1.0.1.tgz#898508da2226f380df904728456849c1501a4b0d"
  integrity sha1-iYUI2iIm84DfkEcoRWhJwVAaSw0=

babel-plugin-emotion@^10.0.0-beta.5, babel-plugin-emotion@^10.0.0-really-unsafe-please-do-not-use.2:
  version "10.0.0-really-unsafe-please-do-not-use.2"
  resolved "https://registry.yarnpkg.com/babel-plugin-emotion/-/babel-plugin-emotion-10.0.0-really-unsafe-please-do-not-use.2.tgz#7479dcc73b33ceb6b49857360ae7891298b0a157"
  integrity sha512-giGEFIIZfSDOtIfQN9m4foE829D6Pu5ZbEyuYfcKb+I0rFRe5s3d0oU72FxDnh8wRwH8Sr/vFUEV+8MUNMGhGw==
  dependencies:
    "@babel/helper-module-imports" "^7.0.0"
    "@emotion/css" "^10.0.0-really-unsafe-please-do-not-use.2"
    "@emotion/hash" "^10.0.0-really-unsafe-please-do-not-use.2"
    "@emotion/memoize" "^10.0.0-really-unsafe-please-do-not-use.2"
    "@emotion/serialize" "^10.0.0-really-unsafe-please-do-not-use.2"
    "@emotion/stylis" "^10.0.0-really-unsafe-please-do-not-use.2"
    babel-plugin-macros "^2.0.0"
    babel-plugin-syntax-jsx "^6.18.0"
    convert-source-map "^1.5.0"
    find-root "^1.1.0"
    source-map "^0.5.7"

babel-plugin-macros@^2.0.0:
  version "2.4.2"
  resolved "https://registry.yarnpkg.com/babel-plugin-macros/-/babel-plugin-macros-2.4.2.tgz#21b1a2e82e2130403c5ff785cba6548e9b644b28"
  integrity sha512-NBVpEWN4OQ/bHnu1fyDaAaTPAjnhXCEPqr1RwqxrU7b6tZ2hypp+zX4hlNfmVGfClD5c3Sl6Hfj5TJNF5VG5aA==
  dependencies:
    cosmiconfig "^5.0.5"
    resolve "^1.8.1"

babel-plugin-syntax-jsx@^6.18.0:
  version "6.18.0"
  resolved "https://registry.yarnpkg.com/babel-plugin-syntax-jsx/-/babel-plugin-syntax-jsx-6.18.0.tgz#0af32a9a6e13ca7a3fd5069e62d7b0f58d0d8946"
  integrity sha1-CvMqmm4Tyno/1QaeYtew9Y0NiUY=

buffer-from@^1.0.0, buffer-from@^1.1.0:
  version "1.1.1"
  resolved "https://registry.yarnpkg.com/buffer-from/-/buffer-from-1.1.1.tgz#32713bc028f75c02fdb710d7c7bcec1f2c6070ef"
  integrity sha512-MQcXEUbCKtEo7bhqEs6560Hyd4XaovZlO/k9V3hjVUF/zwW7KBVdSK4gIt/bzwS9MbR5qob+F5jusZsb0YQK2A==

camel-case@3.0.x:
  version "3.0.0"
  resolved "https://registry.yarnpkg.com/camel-case/-/camel-case-3.0.0.tgz#ca3c3688a4e9cf3a4cda777dc4dcbc713249cf73"
  integrity sha1-yjw2iKTpzzpM2nd9xNy8cTJJz3M=
  dependencies:
    no-case "^2.2.0"
    upper-case "^1.1.1"

clean-css@4.2.x:
  version "4.2.1"
  resolved "https://registry.yarnpkg.com/clean-css/-/clean-css-4.2.1.tgz#2d411ef76b8569b6d0c84068dabe85b0aa5e5c17"
  integrity sha512-4ZxI6dy4lrY6FHzfiy1aEOXgu4LIsW2MhwG0VBKdcoGoH/XLFgaHSdLTGr4O8Be6A8r3MOphEiI8Gc1n0ecf3g==
  dependencies:
    source-map "~0.6.0"

clipboard@^2.0.0:
  version "2.0.1"
  resolved "https://registry.yarnpkg.com/clipboard/-/clipboard-2.0.1.tgz#a12481e1c13d8a50f5f036b0560fe5d16d74e46a"
  integrity sha512-7yhQBmtN+uYZmfRjjVjKa0dZdWuabzpSKGtyQZN+9C8xlC788SSJjOHWh7tzurfwTqTD5UDYAhIv5fRJg3sHjQ==
  dependencies:
    good-listener "^1.2.2"
    select "^1.1.2"
    tiny-emitter "^2.0.0"

commander@2.17.x, commander@~2.17.1:
  version "2.17.1"
  resolved "https://registry.yarnpkg.com/commander/-/commander-2.17.1.tgz#bd77ab7de6de94205ceacc72f1716d29f20a77bf"
  integrity sha512-wPMUt6FnH2yzG95SA6mzjQOEKUU3aLaDEmzs1ti+1E9h+CsrZghRlqEM/EJ4KscsQVG8uNN4uVreUeT8+drlgg==

convert-source-map@^1.5.0:
  version "1.6.0"
  resolved "https://registry.yarnpkg.com/convert-source-map/-/convert-source-map-1.6.0.tgz#51b537a8c43e0f04dec1993bffcdd504e758ac20"
  integrity sha512-eFu7XigvxdZ1ETfbgPBohgyQ/Z++C0eEhTor0qRwBw9unw+L0/6V8wkSuGgzdThkiS5lSpdptOQPD8Ak40a+7A==
  dependencies:
    safe-buffer "~5.1.1"

cosmiconfig@^5.0.5:
  version "5.0.6"
  resolved "https://registry.yarnpkg.com/cosmiconfig/-/cosmiconfig-5.0.6.tgz#dca6cf680a0bd03589aff684700858c81abeeb39"
  integrity sha512-6DWfizHriCrFWURP1/qyhsiFvYdlJzbCzmtFWh744+KyWsJo5+kPzUZZaMRSSItoYc0pxFX7gEO7ZC1/gN/7AQ==
  dependencies:
    is-directory "^0.3.1"
    js-yaml "^3.9.0"
    parse-json "^4.0.0"

csstype@^2.2.0:
  version "2.5.7"
  resolved "https://registry.yarnpkg.com/csstype/-/csstype-2.5.7.tgz#bf9235d5872141eccfb2d16d82993c6b149179ff"
  integrity sha512-Nt5VDyOTIIV4/nRFswoCKps1R5CD1hkiyjBE9/thNaNZILLEviVw9yWQw15+O+CpNjQKB/uvdcxFFOrSflY3Yw==

deep-equal@^1.0.1:
  version "1.0.1"
  resolved "https://registry.yarnpkg.com/deep-equal/-/deep-equal-1.0.1.tgz#f5d260292b660e084eff4cdbc9f08ad3247448b5"
  integrity sha1-9dJgKStmDghO/0zbyfCK0yR0SLU=

delegate@^3.1.2:
  version "3.2.0"
  resolved "https://registry.yarnpkg.com/delegate/-/delegate-3.2.0.tgz#b66b71c3158522e8ab5744f720d8ca0c2af59166"
  integrity sha512-IofjkYBZaZivn0V8nnsMJGBr4jVLxHDheKSW88PyxS5QC4Vo9ZbZVvhzlSxY87fVq3STR6r+4cGepyHkcWOQSw==

diff@^3.1.0:
  version "3.5.0"
  resolved "https://registry.yarnpkg.com/diff/-/diff-3.5.0.tgz#800c0dd1e0a8bfbc95835c202ad220fe317e5a12"
  integrity sha512-A46qtFgd+g7pDZinpnwiRJtxbC1hpgf0uzP3iG89scHk0AUC7A1TGxf5OiiOUv/JMZR8GOt8hL900hV0bOy5xA==

entities@~1.1.1:
  version "1.1.1"
  resolved "https://registry.yarnpkg.com/entities/-/entities-1.1.1.tgz#6e5c2d0a5621b5dadaecef80b90edfb5cd7772f0"
  integrity sha1-blwtClYhtdra7O+AuQ7ftc13cvA=

error-ex@^1.3.1:
  version "1.3.2"
  resolved "https://registry.yarnpkg.com/error-ex/-/error-ex-1.3.2.tgz#b4ac40648107fdcdcfae242f428bea8a14d4f1bf"
  integrity sha512-7dFHNmqeFSEt2ZBsCriorKnn3Z2pj+fd9kmI6QoWw4//DL+icEBfc0U7qJCisqrTsKTjw4fNFy2pW9OqStD84g==
  dependencies:
    is-arrayish "^0.2.1"

esprima@^4.0.0:
  version "4.0.1"
  resolved "https://registry.yarnpkg.com/esprima/-/esprima-4.0.1.tgz#13b04cdb3e6c5d19df91ab6987a8695619b0aa71"
  integrity sha512-eGuFFw7Upda+g4p+QHvnW0RyTX/SVeJBDM/gCtMARO0cLuT2HcEKnTPvhjV6aGeqrCB/sbNop0Kszm0jsaWU4A==

esutils@^2.0.2:
  version "2.0.2"
  resolved "https://registry.yarnpkg.com/esutils/-/esutils-2.0.2.tgz#0abf4f1caa5bcb1f7a9d8acc6dea4faaa04bac9b"
  integrity sha1-Cr9PHKpbyx96nYrMbepPqqBLrJs=

exenv@^1.2.1:
  version "1.2.2"
  resolved "https://registry.yarnpkg.com/exenv/-/exenv-1.2.2.tgz#2ae78e85d9894158670b03d47bec1f03bd91bb9d"
  integrity sha1-KueOhdmJQVhnCwPUe+wfA72Ru50=

find-root@^1.1.0:
  version "1.1.0"
  resolved "https://registry.yarnpkg.com/find-root/-/find-root-1.1.0.tgz#abcfc8ba76f708c42a97b3d685b7e9450bfb9ce4"
  integrity sha512-NKfW6bec6GfKc0SGx1e07QZY9PE99u0Bft/0rzSD5k3sO/vwkVUpDUKVm5Gpp5Ue3YfShPFTX2070tDs5kB9Ng==

fs-extra@^4.0.3:
  version "4.0.3"
  resolved "https://registry.yarnpkg.com/fs-extra/-/fs-extra-4.0.3.tgz#0d852122e5bc5beb453fb028e9c0c9bf36340c94"
  integrity sha512-q6rbdDd1o2mAnQreO7YADIxf/Whx4AHBiRf6d+/cVT8h44ss+lHgxf1FemcqDnQt9X3ct4McHr+JMGlYSsK7Cg==
  dependencies:
    graceful-fs "^4.1.2"
    jsonfile "^4.0.0"
    universalify "^0.1.0"

good-listener@^1.2.2:
  version "1.2.2"
  resolved "https://registry.yarnpkg.com/good-listener/-/good-listener-1.2.2.tgz#d53b30cdf9313dffb7dc9a0d477096aa6d145c50"
  integrity sha1-1TswzfkxPf+33JoNR3CWqm0UXFA=
  dependencies:
    delegate "^3.1.2"

graceful-fs@^4.1.2, graceful-fs@^4.1.6:
  version "4.1.11"
  resolved "https://registry.yarnpkg.com/graceful-fs/-/graceful-fs-4.1.11.tgz#0e8bdfe4d1ddb8854d64e04ea7c00e2a026e5658"
  integrity sha1-Dovf5NHduIVNZOBOp8AOKgJuVlg=

he@1.1.x:
  version "1.1.1"
  resolved "https://registry.yarnpkg.com/he/-/he-1.1.1.tgz#93410fd21b009735151f8868c2f271f3427e23fd"
  integrity sha1-k0EP0hsAlzUVH4howvJx80J+I/0=

html-minifier@^3.5.7:
  version "3.5.20"
  resolved "https://registry.yarnpkg.com/html-minifier/-/html-minifier-3.5.20.tgz#7b19fd3caa0cb79f7cde5ee5c3abdf8ecaa6bb14"
  integrity sha512-ZmgNLaTp54+HFKkONyLFEfs5dd/ZOtlquKaTnqIWFmx3Av5zG6ZPcV2d0o9XM2fXOTxxIf6eDcwzFFotke/5zA==
  dependencies:
    camel-case "3.0.x"
    clean-css "4.2.x"
    commander "2.17.x"
    he "1.1.x"
    param-case "2.1.x"
    relateurl "0.2.x"
    uglify-js "3.4.x"

is-arrayish@^0.2.1:
  version "0.2.1"
  resolved "https://registry.yarnpkg.com/is-arrayish/-/is-arrayish-0.2.1.tgz#77c99840527aa8ecb1a8ba697b80645a7a926a9d"
  integrity sha1-d8mYQFJ6qOyxqLppe4BkWnqSap0=

is-directory@^0.3.1:
  version "0.3.1"
  resolved "https://registry.yarnpkg.com/is-directory/-/is-directory-0.3.1.tgz#61339b6f2475fc772fd9c9d83f5c8575dc154ae1"
  integrity sha1-YTObbyR1/Hcv2cnYP1yFddwVSuE=

"js-tokens@^3.0.0 || ^4.0.0":
  version "4.0.0"
  resolved "https://registry.yarnpkg.com/js-tokens/-/js-tokens-4.0.0.tgz#19203fb59991df98e3a287050d4647cdeaf32499"
  integrity sha512-RdJUflcE3cUzKiMqQgsCu06FPu9UdIJO0beYbPhHN4k6apgJtifcoCtT9bcxOpYBtpD2kCM6Sbzg4CausW/PKQ==

js-yaml@^3.9.0:
  version "3.12.0"
  resolved "https://registry.yarnpkg.com/js-yaml/-/js-yaml-3.12.0.tgz#eaed656ec8344f10f527c6bfa1b6e2244de167d1"
  integrity sha512-PIt2cnwmPfL4hKNwqeiuz4bKfnzHTBv6HyVgjahA6mPLwPDzjDWrplJBMjHUFxku/N3FlmrbyPclad+I+4mJ3A==
  dependencies:
    argparse "^1.0.7"
    esprima "^4.0.0"

json-parse-better-errors@^1.0.1:
  version "1.0.2"
  resolved "https://registry.yarnpkg.com/json-parse-better-errors/-/json-parse-better-errors-1.0.2.tgz#bb867cfb3450e69107c131d1c514bab3dc8bcaa9"
  integrity sha512-mrqyZKfX5EhL7hvqcV6WG1yYjnjeuYDzDhhcAAUrq8Po85NBQBJP+ZDUT75qZQ98IkUoBqdkExkukOU7Ts2wrw==

jsonfile@^4.0.0:
  version "4.0.0"
  resolved "https://registry.yarnpkg.com/jsonfile/-/jsonfile-4.0.0.tgz#8771aae0799b64076b76640fca058f9c10e33ecb"
  integrity sha1-h3Gq4HmbZAdrdmQPygWPnBDjPss=
  optionalDependencies:
    graceful-fs "^4.1.6"

linkify-it@^2.0.0:
  version "2.0.3"
  resolved "https://registry.yarnpkg.com/linkify-it/-/linkify-it-2.0.3.tgz#d94a4648f9b1c179d64fa97291268bdb6ce9434f"
  integrity sha1-2UpGSPmxwXnWT6lykSaL22zpQ08=
  dependencies:
    uc.micro "^1.0.1"

lodash@^4.17.10:
  version "4.17.11"
  resolved "https://registry.yarnpkg.com/lodash/-/lodash-4.17.11.tgz#b39ea6229ef607ecd89e2c8df12536891cac9b8d"
  integrity sha512-cQKh8igo5QUhZ7lg38DYWAxMvjSAKG0A8wGSVimP07SIUEK2UO+arSRKbRZWtelMtN5V0Hkwh5ryOto/SshYIg==

loose-envify@^1.1.0, loose-envify@^1.3.1:
  version "1.4.0"
  resolved "https://registry.yarnpkg.com/loose-envify/-/loose-envify-1.4.0.tgz#71ee51fa7be4caec1a63839f7e682d8132d30caf"
  integrity sha512-lyuxPGr/Wfhrlem2CL/UcnUc1zcqKAImBDzukY7Y5F/yQiNdko6+fRLevlw1HgMySw7f611UIY408EtxRSoK3Q==
  dependencies:
    js-tokens "^3.0.0 || ^4.0.0"

lower-case@^1.1.1:
  version "1.1.4"
  resolved "https://registry.yarnpkg.com/lower-case/-/lower-case-1.1.4.tgz#9a2cabd1b9e8e0ae993a4bf7d5875c39c42e8eac"
  integrity sha1-miyr0bno4K6ZOkv31YdcOcQujqw=

make-error@^1.1.1:
  version "1.3.5"
  resolved "https://registry.yarnpkg.com/make-error/-/make-error-1.3.5.tgz#efe4e81f6db28cadd605c70f29c831b58ef776c8"
  integrity sha512-c3sIjNUow0+8swNwVpqoH4YCShKNFkMaw6oH1mNS2haDZQqkeZFlHS3dhoeEbKKmJB4vXpJucU6oH75aDYeE9g==

markdown-it@^8.4.0:
  version "8.4.2"
  resolved "https://registry.yarnpkg.com/markdown-it/-/markdown-it-8.4.2.tgz#386f98998dc15a37722aa7722084f4020bdd9b54"
  integrity sha512-GcRz3AWTqSUphY3vsUqQSFMbgR38a4Lh3GWlHRh/7MRwz8mcu9n2IO7HOh+bXHrR9kOPDl5RNCaEsrneb+xhHQ==
  dependencies:
    argparse "^1.0.7"
    entities "~1.1.1"
    linkify-it "^2.0.0"
    mdurl "^1.0.1"
    uc.micro "^1.0.5"

mdurl@^1.0.1:
  version "1.0.1"
  resolved "https://registry.yarnpkg.com/mdurl/-/mdurl-1.0.1.tgz#fe85b2ec75a59037f2adfec100fd6c601761152e"
  integrity sha1-/oWy7HWlkDfyrf7BAP1sYBdhFS4=

minimist@0.0.8:
  version "0.0.8"
  resolved "https://registry.yarnpkg.com/minimist/-/minimist-0.0.8.tgz#857fcabfc3397d2625b8228262e86aa7a011b05d"
  integrity sha1-hX/Kv8M5fSYluCKCYuhqp6ARsF0=

minimist@^1.2.0:
  version "1.2.0"
  resolved "https://registry.yarnpkg.com/minimist/-/minimist-1.2.0.tgz#a35008b20f41383eec1fb914f4cd5df79a264284"
  integrity sha1-o1AIsg9BOD7sH7kU9M1d95omQoQ=

mkdirp@^0.5.1:
  version "0.5.1"
  resolved "https://registry.yarnpkg.com/mkdirp/-/mkdirp-0.5.1.tgz#30057438eac6cf7f8c4767f38648d6697d75c903"
  integrity sha1-MAV0OOrGz3+MR2fzhkjWaX11yQM=
  dependencies:
    minimist "0.0.8"

no-case@^2.2.0:
  version "2.3.2"
  resolved "https://registry.yarnpkg.com/no-case/-/no-case-2.3.2.tgz#60b813396be39b3f1288a4c1ed5d1e7d28b464ac"
  integrity sha512-rmTZ9kz+f3rCvK2TD1Ue/oZlns7OGoIWP4fc3llxxRXlOkHKoWPPWJOfFYpITabSow43QJbRIoHQXtt10VldyQ==
  dependencies:
    lower-case "^1.1.1"

object-assign@^4.1.1:
  version "4.1.1"
  resolved "https://registry.yarnpkg.com/object-assign/-/object-assign-4.1.1.tgz#2109adc7965887cfc05cbbd442cac8bfbb360863"
  integrity sha1-IQmtx5ZYh8/AXLvUQsrIv7s2CGM=

param-case@2.1.x:
  version "2.1.1"
  resolved "https://registry.yarnpkg.com/param-case/-/param-case-2.1.1.tgz#df94fd8cf6531ecf75e6bef9a0858fbc72be2247"
  integrity sha1-35T9jPZTHs915r75oIWPvHK+Ikc=
  dependencies:
    no-case "^2.2.0"

parse-json@^4.0.0:
  version "4.0.0"
  resolved "https://registry.yarnpkg.com/parse-json/-/parse-json-4.0.0.tgz#be35f5425be1f7f6c747184f98a788cb99477ee0"
  integrity sha1-vjX1Qlvh9/bHRxhPmKeIy5lHfuA=
  dependencies:
    error-ex "^1.3.1"
    json-parse-better-errors "^1.0.1"

path-parse@^1.0.5:
  version "1.0.6"
  resolved "https://registry.yarnpkg.com/path-parse/-/path-parse-1.0.6.tgz#d62dbb5679405d72c4737ec58600e9ddcf06d24c"
  integrity sha512-GSmOT2EbHrINBf9SR7CDELwlJ8AENk3Qn7OikK4nFYAu3Ote2+JYNVvkpAEQm3/TLNEJFD/xZJjzyxg3KBWOzw==

prismjs@^1.9.0:
  version "1.15.0"
  resolved "https://registry.yarnpkg.com/prismjs/-/prismjs-1.15.0.tgz#8801d332e472091ba8def94976c8877ad60398d9"
  integrity sha512-Lf2JrFYx8FanHrjoV5oL8YHCclLQgbJcVZR+gikGGMqz6ub5QVWDTM6YIwm3BuPxM/LOV+rKns3LssXNLIf+DA==
  optionalDependencies:
    clipboard "^2.0.0"

prop-types@^15.5.4, prop-types@^15.6.2:
  version "15.6.2"
  resolved "https://registry.yarnpkg.com/prop-types/-/prop-types-15.6.2.tgz#05d5ca77b4453e985d60fc7ff8c859094a497102"
  integrity sha512-3pboPvLiWD7dkI3qf3KbUe6hKFKa52w+AE0VCqECtf+QHAKgOL37tTaNCnuX1nAAQ4ZhyP+kYVKf8rLmJ/feDQ==
  dependencies:
    loose-envify "^1.3.1"
    object-assign "^4.1.1"

react-dom@^16.2.0:
  version "16.5.2"
  resolved "https://registry.yarnpkg.com/react-dom/-/react-dom-16.5.2.tgz#b69ee47aa20bab5327b2b9d7c1fe2a30f2cfa9d7"
  integrity sha512-RC8LDw8feuZOHVgzEf7f+cxBr/DnKdqp56VU0lAs1f4UfKc4cU8wU4fTq/mgnvynLQo8OtlPC19NUFh/zjZPuA==
  dependencies:
    loose-envify "^1.1.0"
    object-assign "^4.1.1"
    prop-types "^15.6.2"
    schedule "^0.5.0"

react-helmet@^5.2.0:
  version "5.2.0"
  resolved "https://registry.yarnpkg.com/react-helmet/-/react-helmet-5.2.0.tgz#a81811df21313a6d55c5f058c4aeba5d6f3d97a7"
  integrity sha1-qBgR3yExOm1VxfBYxK66XW89l6c=
  dependencies:
    deep-equal "^1.0.1"
    object-assign "^4.1.1"
    prop-types "^15.5.4"
    react-side-effect "^1.1.0"

react-side-effect@^1.1.0:
  version "1.1.5"
  resolved "https://registry.yarnpkg.com/react-side-effect/-/react-side-effect-1.1.5.tgz#f26059e50ed9c626d91d661b9f3c8bb38cd0ff2d"
  integrity sha512-Z2ZJE4p/jIfvUpiUMRydEVpQRf2f8GMHczT6qLcARmX7QRb28JDBTpnM2g/i5y/p7ZDEXYGHWg0RbhikE+hJRw==
  dependencies:
    exenv "^1.2.1"
    shallowequal "^1.0.1"

react@^16.2.0:
  version "16.5.2"
  resolved "https://registry.yarnpkg.com/react/-/react-16.5.2.tgz#19f6b444ed139baa45609eee6dc3d318b3895d42"
  integrity sha512-FDCSVd3DjVTmbEAjUNX6FgfAmQ+ypJfHUsqUJOYNCBUp1h8lqmtC+0mXJ+JjsWx4KAVTkk1vKd1hLQPvEviSuw==
  dependencies:
    loose-envify "^1.1.0"
    object-assign "^4.1.1"
    prop-types "^15.6.2"
    schedule "^0.5.0"

relateurl@0.2.x:
  version "0.2.7"
  resolved "https://registry.yarnpkg.com/relateurl/-/relateurl-0.2.7.tgz#54dbf377e51440aca90a4cd274600d3ff2d888a9"
  integrity sha1-VNvzd+UUQKypCkzSdGANP/LYiKk=

resolve@^1.8.1:
  version "1.8.1"
  resolved "https://registry.yarnpkg.com/resolve/-/resolve-1.8.1.tgz#82f1ec19a423ac1fbd080b0bab06ba36e84a7a26"
  integrity sha512-AicPrAC7Qu1JxPCZ9ZgCZlY35QgFnNqc+0LtbRNxnVw4TXvjQ72wnuL9JQcEBgXkI9JM8MsT9kaQoHcpCRJOYA==
  dependencies:
    path-parse "^1.0.5"

safe-buffer@~5.1.1:
  version "5.1.2"
  resolved "https://registry.yarnpkg.com/safe-buffer/-/safe-buffer-5.1.2.tgz#991ec69d296e0313747d59bdfd2b745c35f8828d"
  integrity sha512-Gd2UZBJDkXlY7GbJxfsE8/nvKkUEU1G38c1siN6QP6a9PT9MmHB8GnpscSmMJSoF8LOIrt8ud/wPtojys4G6+g==

schedule@^0.5.0:
  version "0.5.0"
  resolved "https://registry.yarnpkg.com/schedule/-/schedule-0.5.0.tgz#c128fffa0b402488b08b55ae74bb9df55cc29cc8"
  integrity sha512-HUcJicG5Ou8xfR//c2rPT0lPIRR09vVvN81T9fqfVgBmhERUbDEQoYKjpBxbueJnCPpSu2ujXzOnRQt6x9o/jw==
  dependencies:
    object-assign "^4.1.1"

select@^1.1.2:
  version "1.1.2"
  resolved "https://registry.yarnpkg.com/select/-/select-1.1.2.tgz#0e7350acdec80b1108528786ec1d4418d11b396d"
  integrity sha1-DnNQrN7ICxEIUoeG7B1EGNEbOW0=

shallowequal@^1.0.1:
  version "1.1.0"
  resolved "https://registry.yarnpkg.com/shallowequal/-/shallowequal-1.1.0.tgz#188d521de95b9087404fd4dcb68b13df0ae4e7f8"
  integrity sha512-y0m1JoUZSlPAjXVtPPW70aZWfIL/dSP7AFkRnniLCrK/8MDKog3TySTBmckD+RObVxH0v4Tox67+F14PdED2oQ==

source-map-support@^0.5.6:
  version "0.5.9"
  resolved "https://registry.yarnpkg.com/source-map-support/-/source-map-support-0.5.9.tgz#41bc953b2534267ea2d605bccfa7bfa3111ced5f"
  integrity sha512-gR6Rw4MvUlYy83vP0vxoVNzM6t8MUXqNuRsuBmBHQDu1Fh6X015FrLdgoDKcNdkwGubozq0P4N0Q37UyFVr1EA==
  dependencies:
    buffer-from "^1.0.0"
    source-map "^0.6.0"

source-map@^0.5.7:
  version "0.5.7"
  resolved "https://registry.yarnpkg.com/source-map/-/source-map-0.5.7.tgz#8a039d2d1021d22d1ea14c80d8ea468ba2ef3fcc"
  integrity sha1-igOdLRAh0i0eoUyA2OpGi6LvP8w=

source-map@^0.6.0, source-map@^0.6.1, source-map@~0.6.0, source-map@~0.6.1:
  version "0.6.1"
  resolved "https://registry.yarnpkg.com/source-map/-/source-map-0.6.1.tgz#74722af32e9614e9c287a8d0bbde48b5e2f1a263"
  integrity sha512-UjgapumWlbMhkBgzT7Ykc5YXUT46F0iKu8SGXq0bcwP5dz/h0Plj6enJqjz1Zbq2l5WaqYnrVbwWOWMyF3F47g==

sprintf-js@~1.0.2:
  version "1.0.3"
  resolved "https://registry.yarnpkg.com/sprintf-js/-/sprintf-js-1.0.3.tgz#04e6926f662895354f3dd015203633b857297e2c"
  integrity sha1-BOaSb2YolTVPPdAVIDYzuFcpfiw=

tiny-emitter@^2.0.0:
  version "2.0.2"
  resolved "https://registry.yarnpkg.com/tiny-emitter/-/tiny-emitter-2.0.2.tgz#82d27468aca5ade8e5fd1e6d22b57dd43ebdfb7c"
  integrity sha512-2NM0auVBGft5tee/OxP4PI3d8WItkDM+fPnaRAVo6xTDI2knbz9eC5ArWGqtGlYqiH3RU5yMpdyTTO7MguC4ow==

to-fast-properties@^2.0.0:
  version "2.0.0"
  resolved "https://registry.yarnpkg.com/to-fast-properties/-/to-fast-properties-2.0.0.tgz#dc5e698cbd079265bc73e0377681a4e4e83f616e"
  integrity sha1-3F5pjL0HkmW8c+A3doGk5Og/YW4=

ts-node@^7.0.1:
  version "7.0.1"
  resolved "https://registry.yarnpkg.com/ts-node/-/ts-node-7.0.1.tgz#9562dc2d1e6d248d24bc55f773e3f614337d9baf"
  integrity sha512-BVwVbPJRspzNh2yfslyT1PSbl5uIk03EZlb493RKHN4qej/D06n1cEhjlOJG69oFsE7OT8XjpTUcYf6pKTLMhw==
  dependencies:
    arrify "^1.0.0"
    buffer-from "^1.1.0"
    diff "^3.1.0"
    make-error "^1.1.1"
    minimist "^1.2.0"
    mkdirp "^0.5.1"
    source-map-support "^0.5.6"
    yn "^2.0.0"

typescript@^3.1.3:
  version "3.1.3"
  resolved "https://registry.yarnpkg.com/typescript/-/typescript-3.1.3.tgz#01b70247a6d3c2467f70c45795ef5ea18ce191d5"
  integrity sha512-+81MUSyX+BaSo+u2RbozuQk/UWx6hfG0a5gHu4ANEM4sU96XbuIyAB+rWBW1u70c6a5QuZfuYICn3s2UjuHUpA==

uc.micro@^1.0.1, uc.micro@^1.0.5:
  version "1.0.5"
  resolved "https://registry.yarnpkg.com/uc.micro/-/uc.micro-1.0.5.tgz#0c65f15f815aa08b560a61ce8b4db7ffc3f45376"
  integrity sha512-JoLI4g5zv5qNyT09f4YAvEZIIV1oOjqnewYg5D38dkQljIzpPT296dbIGvKro3digYI1bkb7W6EP1y4uDlmzLg==

uglify-js@3.4.x:
  version "3.4.9"
  resolved "https://registry.yarnpkg.com/uglify-js/-/uglify-js-3.4.9.tgz#af02f180c1207d76432e473ed24a28f4a782bae3"
  integrity sha512-8CJsbKOtEbnJsTyv6LE6m6ZKniqMiFWmm9sRbopbkGs3gMPPfd3Fh8iIA4Ykv5MgaTbqHr4BaoGLJLZNhsrW1Q==
  dependencies:
    commander "~2.17.1"
    source-map "~0.6.1"

universalify@^0.1.0:
  version "0.1.2"
  resolved "https://registry.yarnpkg.com/universalify/-/universalify-0.1.2.tgz#b646f69be3942dabcecc9d6639c80dc105efaa66"
  integrity sha512-rBJeI5CXAlmy1pV+617WB9J63U6XcazHHF2f2dbJix4XzpUF0RS3Zbj0FGIOCAva5P/d/GBOYaACQ1w+0azUkg==

upper-case@^1.1.1:
  version "1.1.3"
  resolved "https://registry.yarnpkg.com/upper-case/-/upper-case-1.1.3.tgz#f6b4501c2ec4cdd26ba78be7222961de77621598"
  integrity sha1-9rRQHC7EzdJrp4vnIilh3ndiFZg=

yn@^2.0.0:
  version "2.0.0"
  resolved "https://registry.yarnpkg.com/yn/-/yn-2.0.0.tgz#e5adabc8acf408f6385fc76495684c88e6af689a"
  integrity sha1-5a2ryKz0CPY4X8dklWhMiOavaJo=
